// !$*UTF8*$!
{
	archiveVersion = 1;
	classes = {
	};
	objectVersion = 56;
	objects = {

/* Begin PBXBuildFile section */
		8402EBBD28F0080500CE0BC0 /* YS Display-Bold.ttf in Resources */ = {isa = PBXBuildFile; fileRef = 8402EBBB28F0080500CE0BC0 /* YS Display-Bold.ttf */; };
		8402EBBE28F0080500CE0BC0 /* YS Display-Medium.ttf in Resources */ = {isa = PBXBuildFile; fileRef = 8402EBBC28F0080500CE0BC0 /* YS Display-Medium.ttf */; };
		8436F0AB28F4450F00281BF8 /* Profile.storyboard in Resources */ = {isa = PBXBuildFile; fileRef = 8436F0AA28F4450F00281BF8 /* Profile.storyboard */; };
		8436F0AE28F4454C00281BF8 /* ProfileViewController.swift in Sources */ = {isa = PBXBuildFile; fileRef = 8436F0AD28F4454C00281BF8 /* ProfileViewController.swift */; };
		8471094828EF442D00990F6D /* ImagesListCell.swift in Sources */ = {isa = PBXBuildFile; fileRef = 8471094728EF442D00990F6D /* ImagesListCell.swift */; };
		84C14EC828E4CBF60065488E /* AppDelegate.swift in Sources */ = {isa = PBXBuildFile; fileRef = 84C14EC728E4CBF60065488E /* AppDelegate.swift */; };
		84C14ECA28E4CBF60065488E /* SceneDelegate.swift in Sources */ = {isa = PBXBuildFile; fileRef = 84C14EC928E4CBF60065488E /* SceneDelegate.swift */; };
		84C14ECC28E4CBF60065488E /* ImagesListViewController.swift in Sources */ = {isa = PBXBuildFile; fileRef = 84C14ECB28E4CBF60065488E /* ImagesListViewController.swift */; };
		84C14ECF28E4CBF60065488E /* Main.storyboard in Resources */ = {isa = PBXBuildFile; fileRef = 84C14ECD28E4CBF60065488E /* Main.storyboard */; };
		84C14ED128E4CC040065488E /* Assets.xcassets in Resources */ = {isa = PBXBuildFile; fileRef = 84C14ED028E4CC040065488E /* Assets.xcassets */; };
		84C14ED428E4CC040065488E /* LaunchScreen.storyboard in Resources */ = {isa = PBXBuildFile; fileRef = 84C14ED228E4CC040065488E /* LaunchScreen.storyboard */; };
/* End PBXBuildFile section */

/* Begin PBXFileReference section */
		8402EBBB28F0080500CE0BC0 /* YS Display-Bold.ttf */ = {isa = PBXFileReference; lastKnownFileType = file; path = "YS Display-Bold.ttf"; sourceTree = "<group>"; };
		8402EBBC28F0080500CE0BC0 /* YS Display-Medium.ttf */ = {isa = PBXFileReference; lastKnownFileType = file; path = "YS Display-Medium.ttf"; sourceTree = "<group>"; };
		8436F0AA28F4450F00281BF8 /* Profile.storyboard */ = {isa = PBXFileReference; lastKnownFileType = file.storyboard; path = Profile.storyboard; sourceTree = "<group>"; };
		8436F0AD28F4454C00281BF8 /* ProfileViewController.swift */ = {isa = PBXFileReference; lastKnownFileType = sourcecode.swift; path = ProfileViewController.swift; sourceTree = "<group>"; };
		8471094728EF442D00990F6D /* ImagesListCell.swift */ = {isa = PBXFileReference; lastKnownFileType = sourcecode.swift; path = ImagesListCell.swift; sourceTree = "<group>"; };
		84C14EC428E4CBF60065488E /* ImageFeed.app */ = {isa = PBXFileReference; explicitFileType = wrapper.application; includeInIndex = 0; path = ImageFeed.app; sourceTree = BUILT_PRODUCTS_DIR; };
		84C14EC728E4CBF60065488E /* AppDelegate.swift */ = {isa = PBXFileReference; lastKnownFileType = sourcecode.swift; path = AppDelegate.swift; sourceTree = "<group>"; };
		84C14EC928E4CBF60065488E /* SceneDelegate.swift */ = {isa = PBXFileReference; lastKnownFileType = sourcecode.swift; path = SceneDelegate.swift; sourceTree = "<group>"; };
		84C14ECB28E4CBF60065488E /* ImagesListViewController.swift */ = {isa = PBXFileReference; lastKnownFileType = sourcecode.swift; path = ImagesListViewController.swift; sourceTree = "<group>"; };
		84C14ECE28E4CBF60065488E /* Base */ = {isa = PBXFileReference; lastKnownFileType = file.storyboard; name = Base; path = Base.lproj/Main.storyboard; sourceTree = "<group>"; };
		84C14ED028E4CC040065488E /* Assets.xcassets */ = {isa = PBXFileReference; lastKnownFileType = folder.assetcatalog; path = Assets.xcassets; sourceTree = "<group>"; };
		84C14ED328E4CC040065488E /* Base */ = {isa = PBXFileReference; lastKnownFileType = file.storyboard; name = Base; path = Base.lproj/LaunchScreen.storyboard; sourceTree = "<group>"; };
		84C14ED528E4CC040065488E /* Info.plist */ = {isa = PBXFileReference; lastKnownFileType = text.plist.xml; path = Info.plist; sourceTree = "<group>"; };
/* End PBXFileReference section */

/* Begin PBXFrameworksBuildPhase section */
		84C14EC128E4CBF60065488E /* Frameworks */ = {
			isa = PBXFrameworksBuildPhase;
			buildActionMask = 2147483647;
			files = (
			);
			runOnlyForDeploymentPostprocessing = 0;
		};
/* End PBXFrameworksBuildPhase section */

/* Begin PBXGroup section */
		8402EBB628F0076100CE0BC0 /* Resources */ = {
			isa = PBXGroup;
			children = (
				8402EBBB28F0080500CE0BC0 /* YS Display-Bold.ttf */,
				8402EBBC28F0080500CE0BC0 /* YS Display-Medium.ttf */,
				84C14ED028E4CC040065488E /* Assets.xcassets */,
				84C14ED528E4CC040065488E /* Info.plist */,
				84C14ED228E4CC040065488E /* LaunchScreen.storyboard */,
			);
			path = Resources;
			sourceTree = "<group>";
		};
		8436F0AC28F4452600281BF8 /* Profile */ = {
			isa = PBXGroup;
			children = (
				8436F0AA28F4450F00281BF8 /* Profile.storyboard */,
				8436F0AD28F4454C00281BF8 /* ProfileViewController.swift */,
			);
			path = Profile;
			sourceTree = "<group>";
		};
		8471094928EF449300990F6D /* ImagesList */ = {
			isa = PBXGroup;
			children = (
				84C14ECB28E4CBF60065488E /* ImagesListViewController.swift */,
				8471094728EF442D00990F6D /* ImagesListCell.swift */,
			);
			path = ImagesList;
			sourceTree = "<group>";
		};
		84C14EBB28E4CBF60065488E = {
			isa = PBXGroup;
			children = (
				8436F0AC28F4452600281BF8 /* Profile */,
				8471094928EF449300990F6D /* ImagesList */,
				84C14EC628E4CBF60065488E /* ImageFeed */,
				84C14EC528E4CBF60065488E /* Products */,
			);
			sourceTree = "<group>";
		};
		84C14EC528E4CBF60065488E /* Products */ = {
			isa = PBXGroup;
			children = (
				84C14EC428E4CBF60065488E /* ImageFeed.app */,
			);
			name = Products;
			sourceTree = "<group>";
		};
		84C14EC628E4CBF60065488E /* ImageFeed */ = {
			isa = PBXGroup;
			children = (
				8402EBB628F0076100CE0BC0 /* Resources */,
				84C14EC728E4CBF60065488E /* AppDelegate.swift */,
				84C14EC928E4CBF60065488E /* SceneDelegate.swift */,
				84C14ECD28E4CBF60065488E /* Main.storyboard */,
			);
			path = ImageFeed;
			sourceTree = "<group>";
		};
/* End PBXGroup section */

/* Begin PBXNativeTarget section */
		84C14EC328E4CBF60065488E /* ImageFeed */ = {
			isa = PBXNativeTarget;
			buildConfigurationList = 84C14ED828E4CC040065488E /* Build configuration list for PBXNativeTarget "ImageFeed" */;
			buildPhases = (
				84C14EC028E4CBF60065488E /* Sources */,
				84C14EC128E4CBF60065488E /* Frameworks */,
				84C14EC228E4CBF60065488E /* Resources */,
			);
			buildRules = (
			);
			dependencies = (
			);
			name = ImageFeed;
			productName = ImageFeed;
			productReference = 84C14EC428E4CBF60065488E /* ImageFeed.app */;
			productType = "com.apple.product-type.application";
		};
/* End PBXNativeTarget section */

/* Begin PBXProject section */
		84C14EBC28E4CBF60065488E /* Project object */ = {
			isa = PBXProject;
			attributes = {
				BuildIndependentTargetsInParallel = 1;
				LastSwiftUpdateCheck = 1400;
				LastUpgradeCheck = 1400;
				TargetAttributes = {
					84C14EC328E4CBF60065488E = {
						CreatedOnToolsVersion = 14.0;
					};
				};
			};
			buildConfigurationList = 84C14EBF28E4CBF60065488E /* Build configuration list for PBXProject "ImageFeed" */;
			compatibilityVersion = "Xcode 14.0";
			developmentRegion = en;
			hasScannedForEncodings = 0;
			knownRegions = (
				en,
				Base,
			);
			mainGroup = 84C14EBB28E4CBF60065488E;
			productRefGroup = 84C14EC528E4CBF60065488E /* Products */;
			projectDirPath = "";
			projectRoot = "";
			targets = (
				84C14EC328E4CBF60065488E /* ImageFeed */,
			);
		};
/* End PBXProject section */

/* Begin PBXResourcesBuildPhase section */
		84C14EC228E4CBF60065488E /* Resources */ = {
			isa = PBXResourcesBuildPhase;
			buildActionMask = 2147483647;
			files = (
				8436F0AB28F4450F00281BF8 /* Profile.storyboard in Resources */,
				84C14ED428E4CC040065488E /* LaunchScreen.storyboard in Resources */,
				84C14ED128E4CC040065488E /* Assets.xcassets in Resources */,
				84C14ECF28E4CBF60065488E /* Main.storyboard in Resources */,
				8402EBBD28F0080500CE0BC0 /* YS Display-Bold.ttf in Resources */,
				8402EBBE28F0080500CE0BC0 /* YS Display-Medium.ttf in Resources */,
			);
			runOnlyForDeploymentPostprocessing = 0;
		};
/* End PBXResourcesBuildPhase section */

/* Begin PBXSourcesBuildPhase section */
		84C14EC028E4CBF60065488E /* Sources */ = {
			isa = PBXSourcesBuildPhase;
			buildActionMask = 2147483647;
			files = (
				84C14ECC28E4CBF60065488E /* ImagesListViewController.swift in Sources */,
				8471094828EF442D00990F6D /* ImagesListCell.swift in Sources */,
				8436F0AE28F4454C00281BF8 /* ProfileViewController.swift in Sources */,
				84C14EC828E4CBF60065488E /* AppDelegate.swift in Sources */,
				84C14ECA28E4CBF60065488E /* SceneDelegate.swift in Sources */,
			);
			runOnlyForDeploymentPostprocessing = 0;
		};
/* End PBXSourcesBuildPhase section */

/* Begin PBXVariantGroup section */
		84C14ECD28E4CBF60065488E /* Main.storyboard */ = {
			isa = PBXVariantGroup;
			children = (
				84C14ECE28E4CBF60065488E /* Base */,
			);
			name = Main.storyboard;
			sourceTree = "<group>";
		};
		84C14ED228E4CC040065488E /* LaunchScreen.storyboard */ = {
			isa = PBXVariantGroup;
			children = (
				84C14ED328E4CC040065488E /* Base */,
			);
			name = LaunchScreen.storyboard;
			sourceTree = "<group>";
		};
/* End PBXVariantGroup section */

/* Begin XCBuildConfiguration section */
		84C14ED628E4CC040065488E /* Debug */ = {
			isa = XCBuildConfiguration;
			buildSettings = {
				ALWAYS_SEARCH_USER_PATHS = NO;
				CLANG_ANALYZER_NONNULL = YES;
				CLANG_ANALYZER_NUMBER_OBJECT_CONVERSION = YES_AGGRESSIVE;
				CLANG_CXX_LANGUAGE_STANDARD = "gnu++20";
				CLANG_ENABLE_MODULES = YES;
				CLANG_ENABLE_OBJC_ARC = YES;
				CLANG_ENABLE_OBJC_WEAK = YES;
				CLANG_WARN_BLOCK_CAPTURE_AUTORELEASING = YES;
				CLANG_WARN_BOOL_CONVERSION = YES;
				CLANG_WARN_COMMA = YES;
				CLANG_WARN_CONSTANT_CONVERSION = YES;
				CLANG_WARN_DEPRECATED_OBJC_IMPLEMENTATIONS = YES;
				CLANG_WARN_DIRECT_OBJC_ISA_USAGE = YES_ERROR;
				CLANG_WARN_DOCUMENTATION_COMMENTS = YES;
				CLANG_WARN_EMPTY_BODY = YES;
				CLANG_WARN_ENUM_CONVERSION = YES;
				CLANG_WARN_INFINITE_RECURSION = YES;
				CLANG_WARN_INT_CONVERSION = YES;
				CLANG_WARN_NON_LITERAL_NULL_CONVERSION = YES;
				CLANG_WARN_OBJC_IMPLICIT_RETAIN_SELF = YES;
				CLANG_WARN_OBJC_LITERAL_CONVERSION = YES;
				CLANG_WARN_OBJC_ROOT_CLASS = YES_ERROR;
				CLANG_WARN_QUOTED_INCLUDE_IN_FRAMEWORK_HEADER = YES;
				CLANG_WARN_RANGE_LOOP_ANALYSIS = YES;
				CLANG_WARN_STRICT_PROTOTYPES = YES;
				CLANG_WARN_SUSPICIOUS_MOVE = YES;
				CLANG_WARN_UNGUARDED_AVAILABILITY = YES_AGGRESSIVE;
				CLANG_WARN_UNREACHABLE_CODE = YES;
				CLANG_WARN__DUPLICATE_METHOD_MATCH = YES;
				COPY_PHASE_STRIP = NO;
				DEBUG_INFORMATION_FORMAT = dwarf;
				ENABLE_STRICT_OBJC_MSGSEND = YES;
				ENABLE_TESTABILITY = YES;
				GCC_C_LANGUAGE_STANDARD = gnu11;
				GCC_DYNAMIC_NO_PIC = NO;
				GCC_NO_COMMON_BLOCKS = YES;
				GCC_OPTIMIZATION_LEVEL = 0;
				GCC_PREPROCESSOR_DEFINITIONS = (
					"DEBUG=1",
					"$(inherited)",
				);
				GCC_WARN_64_TO_32_BIT_CONVERSION = YES;
				GCC_WARN_ABOUT_RETURN_TYPE = YES_ERROR;
				GCC_WARN_UNDECLARED_SELECTOR = YES;
				GCC_WARN_UNINITIALIZED_AUTOS = YES_AGGRESSIVE;
				GCC_WARN_UNUSED_FUNCTION = YES;
				GCC_WARN_UNUSED_VARIABLE = YES;
				IPHONEOS_DEPLOYMENT_TARGET = 13.0;
				MTL_ENABLE_DEBUG_INFO = INCLUDE_SOURCE;
				MTL_FAST_MATH = YES;
				ONLY_ACTIVE_ARCH = YES;
				SDKROOT = iphoneos;
				SWIFT_ACTIVE_COMPILATION_CONDITIONS = DEBUG;
				SWIFT_OPTIMIZATION_LEVEL = "-Onone";
			};
			name = Debug;
		};
		84C14ED728E4CC040065488E /* Release */ = {
			isa = XCBuildConfiguration;
			buildSettings = {
				ALWAYS_SEARCH_USER_PATHS = NO;
				CLANG_ANALYZER_NONNULL = YES;
				CLANG_ANALYZER_NUMBER_OBJECT_CONVERSION = YES_AGGRESSIVE;
				CLANG_CXX_LANGUAGE_STANDARD = "gnu++20";
				CLANG_ENABLE_MODULES = YES;
				CLANG_ENABLE_OBJC_ARC = YES;
				CLANG_ENABLE_OBJC_WEAK = YES;
				CLANG_WARN_BLOCK_CAPTURE_AUTORELEASING = YES;
				CLANG_WARN_BOOL_CONVERSION = YES;
				CLANG_WARN_COMMA = YES;
				CLANG_WARN_CONSTANT_CONVERSION = YES;
				CLANG_WARN_DEPRECATED_OBJC_IMPLEMENTATIONS = YES;
				CLANG_WARN_DIRECT_OBJC_ISA_USAGE = YES_ERROR;
				CLANG_WARN_DOCUMENTATION_COMMENTS = YES;
				CLANG_WARN_EMPTY_BODY = YES;
				CLANG_WARN_ENUM_CONVERSION = YES;
				CLANG_WARN_INFINITE_RECURSION = YES;
				CLANG_WARN_INT_CONVERSION = YES;
				CLANG_WARN_NON_LITERAL_NULL_CONVERSION = YES;
				CLANG_WARN_OBJC_IMPLICIT_RETAIN_SELF = YES;
				CLANG_WARN_OBJC_LITERAL_CONVERSION = YES;
				CLANG_WARN_OBJC_ROOT_CLASS = YES_ERROR;
				CLANG_WARN_QUOTED_INCLUDE_IN_FRAMEWORK_HEADER = YES;
				CLANG_WARN_RANGE_LOOP_ANALYSIS = YES;
				CLANG_WARN_STRICT_PROTOTYPES = YES;
				CLANG_WARN_SUSPICIOUS_MOVE = YES;
				CLANG_WARN_UNGUARDED_AVAILABILITY = YES_AGGRESSIVE;
				CLANG_WARN_UNREACHABLE_CODE = YES;
				CLANG_WARN__DUPLICATE_METHOD_MATCH = YES;
				COPY_PHASE_STRIP = NO;
				DEBUG_INFORMATION_FORMAT = "dwarf-with-dsym";
				ENABLE_NS_ASSERTIONS = NO;
				ENABLE_STRICT_OBJC_MSGSEND = YES;
				GCC_C_LANGUAGE_STANDARD = gnu11;
				GCC_NO_COMMON_BLOCKS = YES;
				GCC_WARN_64_TO_32_BIT_CONVERSION = YES;
				GCC_WARN_ABOUT_RETURN_TYPE = YES_ERROR;
				GCC_WARN_UNDECLARED_SELECTOR = YES;
				GCC_WARN_UNINITIALIZED_AUTOS = YES_AGGRESSIVE;
				GCC_WARN_UNUSED_FUNCTION = YES;
				GCC_WARN_UNUSED_VARIABLE = YES;
				IPHONEOS_DEPLOYMENT_TARGET = 13.0;
				MTL_ENABLE_DEBUG_INFO = NO;
				MTL_FAST_MATH = YES;
				SDKROOT = iphoneos;
				SWIFT_COMPILATION_MODE = wholemodule;
				SWIFT_OPTIMIZATION_LEVEL = "-O";
				VALIDATE_PRODUCT = YES;
			};
			name = Release;
		};
		84C14ED928E4CC040065488E /* Debug */ = {
			isa = XCBuildConfiguration;
			buildSettings = {
				ASSETCATALOG_COMPILER_APPICON_NAME = AppIcon;
				ASSETCATALOG_COMPILER_GLOBAL_ACCENT_COLOR_NAME = AccentColor;
				CODE_SIGN_STYLE = Automatic;
				CURRENT_PROJECT_VERSION = 1;
				DEVELOPMENT_TEAM = F8PJ83T7FB;
				GENERATE_INFOPLIST_FILE = YES;
				INFOPLIST_FILE = ImageFeed/Resources/Info.plist;
				INFOPLIST_KEY_UIApplicationSupportsIndirectInputEvents = YES;
				INFOPLIST_KEY_UILaunchStoryboardName = LaunchScreen.storyboard;
				INFOPLIST_KEY_UIMainStoryboardFile = Main;
				INFOPLIST_KEY_UISupportedInterfaceOrientations = UIInterfaceOrientationPortrait;
				IPHONEOS_DEPLOYMENT_TARGET = 13.0;
				LD_RUNPATH_SEARCH_PATHS = (
					"$(inherited)",
					"@executable_path/Frameworks",
				);
				MARKETING_VERSION = 1.0;
				PRODUCT_BUNDLE_IDENTIFIER = ru.mp3moto.ImageFeed;
				PRODUCT_NAME = "$(TARGET_NAME)";
				SUPPORTED_PLATFORMS = "iphoneos iphonesimulator";
				SUPPORTS_MACCATALYST = NO;
				SUPPORTS_MAC_DESIGNED_FOR_IPHONE_IPAD = NO;
				SWIFT_EMIT_LOC_STRINGS = YES;
				SWIFT_VERSION = 5.0;
				TARGETED_DEVICE_FAMILY = 1;
			};
			name = Debug;
		};
		84C14EDA28E4CC040065488E /* Release */ = {
			isa = XCBuildConfiguration;
			buildSettings = {
				ASSETCATALOG_COMPILER_APPICON_NAME = AppIcon;
				ASSETCATALOG_COMPILER_GLOBAL_ACCENT_COLOR_NAME = AccentColor;
				CODE_SIGN_STYLE = Automatic;
				CURRENT_PROJECT_VERSION = 1;
				DEVELOPMENT_TEAM = F8PJ83T7FB;
				GENERATE_INFOPLIST_FILE = YES;
				INFOPLIST_FILE = ImageFeed/Resources/Info.plist;
				INFOPLIST_KEY_UIApplicationSupportsIndirectInputEvents = YES;
				INFOPLIST_KEY_UILaunchStoryboardName = LaunchScreen.storyboard;
				INFOPLIST_KEY_UIMainStoryboardFile = Main;
				INFOPLIST_KEY_UISupportedInterfaceOrientations = UIInterfaceOrientationPortrait;
				IPHONEOS_DEPLOYMENT_TARGET = 13.0;
				LD_RUNPATH_SEARCH_PATHS = (
					"$(inherited)",
					"@executable_path/Frameworks",
				);
				MARKETING_VERSION = 1.0;
				PRODUCT_BUNDLE_IDENTIFIER = ru.mp3moto.ImageFeed;
				PRODUCT_NAME = "$(TARGET_NAME)";
				SUPPORTED_PLATFORMS = "iphoneos iphonesimulator";
				SUPPORTS_MACCATALYST = NO;
				SUPPORTS_MAC_DESIGNED_FOR_IPHONE_IPAD = NO;
				SWIFT_EMIT_LOC_STRINGS = YES;
				SWIFT_VERSION = 5.0;
				TARGETED_DEVICE_FAMILY = 1;
			};
			name = Release;
		};
/* End XCBuildConfiguration section */

/* Begin XCConfigurationList section */
		84C14EBF28E4CBF60065488E /* Build configuration list for PBXProject "ImageFeed" */ = {
			isa = XCConfigurationList;
			buildConfigurations = (
				84C14ED628E4CC040065488E /* Debug */,
				84C14ED728E4CC040065488E /* Release */,
			);
			defaultConfigurationIsVisible = 0;
			defaultConfigurationName = Release;
		};
		84C14ED828E4CC040065488E /* Build configuration list for PBXNativeTarget "ImageFeed" */ = {
			isa = XCConfigurationList;
			buildConfigurations = (
				84C14ED928E4CC040065488E /* Debug */,
				84C14EDA28E4CC040065488E /* Release */,
			);
			defaultConfigurationIsVisible = 0;
			defaultConfigurationName = Release;
		};
/* End XCConfigurationList section */
	};
	rootObject = 84C14EBC28E4CBF60065488E /* Project object */;
}
