// !$*UTF8*$!
{
	archiveVersion = 1;
	classes = {
	};
	objectVersion = 56;
	objects = {

/* Begin PBXBuildFile section */
		8402EBBE28F0080500CE0BC0 /* YS Display-Medium.ttf in Resources */ = {isa = PBXBuildFile; fileRef = 8402EBBC28F0080500CE0BC0 /* YS Display-Medium.ttf */; };
		84282DB8291CE79D008DD478 /* ProfileViewController.swift in Sources */ = {isa = PBXBuildFile; fileRef = 84282DB7291CE79D008DD478 /* ProfileViewController.swift */; };
		84282DBB291CE974008DD478 /* ImagesListCell.swift in Sources */ = {isa = PBXBuildFile; fileRef = 84282DB9291CE974008DD478 /* ImagesListCell.swift */; };
		84282DBC291CE974008DD478 /* ImagesListViewController.swift in Sources */ = {isa = PBXBuildFile; fileRef = 84282DBA291CE974008DD478 /* ImagesListViewController.swift */; };
		842AC21228FDB22A004E9063 /* SingleImageViewController.swift in Sources */ = {isa = PBXBuildFile; fileRef = 842AC21128FDB22A004E9063 /* SingleImageViewController.swift */; };
		84507BA3291ED15200B32C43 /* Constants.swift in Sources */ = {isa = PBXBuildFile; fileRef = 84507BA2291ED15200B32C43 /* Constants.swift */; };
		84507BA6291EDE9400B32C43 /* AuthViewController.swift in Sources */ = {isa = PBXBuildFile; fileRef = 84507BA5291EDE9400B32C43 /* AuthViewController.swift */; };
		84507BA8291EDF8800B32C43 /* WebViewViewController.swift in Sources */ = {isa = PBXBuildFile; fileRef = 84507BA7291EDF8800B32C43 /* WebViewViewController.swift */; };
		84641592291EE7F300C0262C /* YS Display-Bold.ttf in Resources */ = {isa = PBXBuildFile; fileRef = 8402EBBB28F0080500CE0BC0 /* YS Display-Bold.ttf */; };
		847822C2291CD5D1006099A2 /* Main.storyboard in Resources */ = {isa = PBXBuildFile; fileRef = 847822C0291CD5D1006099A2 /* Main.storyboard */; };
		84C14EC828E4CBF60065488E /* AppDelegate.swift in Sources */ = {isa = PBXBuildFile; fileRef = 84C14EC728E4CBF60065488E /* AppDelegate.swift */; };
		84C14ECA28E4CBF60065488E /* SceneDelegate.swift in Sources */ = {isa = PBXBuildFile; fileRef = 84C14EC928E4CBF60065488E /* SceneDelegate.swift */; };
		84C14ED128E4CC040065488E /* Assets.xcassets in Resources */ = {isa = PBXBuildFile; fileRef = 84C14ED028E4CC040065488E /* Assets.xcassets */; };
		84C14ED428E4CC040065488E /* LaunchScreen.storyboard in Resources */ = {isa = PBXBuildFile; fileRef = 84C14ED228E4CC040065488E /* LaunchScreen.storyboard */; };
		84DC755A2923CE25007F4C2B /* WebViewViewControllerProtocol.swift in Sources */ = {isa = PBXBuildFile; fileRef = 84DC75592923CE25007F4C2B /* WebViewViewControllerProtocol.swift */; };
		941429CF29464848002DBDFA /* DataStorage.swift in Sources */ = {isa = PBXBuildFile; fileRef = 941429CE29464848002DBDFA /* DataStorage.swift */; };
		941429D3294A09A5002DBDFA /* ProfileImageService.swift in Sources */ = {isa = PBXBuildFile; fileRef = 941429D2294A09A5002DBDFA /* ProfileImageService.swift */; };
		941429D5294A49AA002DBDFA /* SplashViewControllerProtocol.swift in Sources */ = {isa = PBXBuildFile; fileRef = 941429D4294A49AA002DBDFA /* SplashViewControllerProtocol.swift */; };
		9417853A2931CDC7004587DF /* Structs.swift in Sources */ = {isa = PBXBuildFile; fileRef = 941785392931CDC7004587DF /* Structs.swift */; };
		9417853C2931CF66004587DF /* OAuth2Service.swift in Sources */ = {isa = PBXBuildFile; fileRef = 9417853B2931CF66004587DF /* OAuth2Service.swift */; };
		9417853F2931D15B004587DF /* NetworkClient.swift in Sources */ = {isa = PBXBuildFile; fileRef = 9417853E2931D15B004587DF /* NetworkClient.swift */; };
		94178541293655AB004587DF /* OAuth2TokenStorage.swift in Sources */ = {isa = PBXBuildFile; fileRef = 94178540293655AB004587DF /* OAuth2TokenStorage.swift */; };
		945B4BB7293B8F7E008AC16B /* ProgressHUD in Frameworks */ = {isa = PBXBuildFile; productRef = 945B4BB6293B8F7E008AC16B /* ProgressHUD */; };
		945B4BB9293E0AEE008AC16B /* UIBlockingProgressHUD.swift in Sources */ = {isa = PBXBuildFile; fileRef = 945B4BB8293E0AEE008AC16B /* UIBlockingProgressHUD.swift */; };
		948EDFA0294D9D6200AB808D /* RequestFactoryProtocol.swift in Sources */ = {isa = PBXBuildFile; fileRef = 948EDF9F294D9D6200AB808D /* RequestFactoryProtocol.swift */; };
		948EDFA2294D9E1400AB808D /* RequestFactory.swift in Sources */ = {isa = PBXBuildFile; fileRef = 948EDFA1294D9E1400AB808D /* RequestFactory.swift */; };
		948EDFA4294DE74F00AB808D /* AlertService.swift in Sources */ = {isa = PBXBuildFile; fileRef = 948EDFA3294DE74F00AB808D /* AlertService.swift */; };
		94A3ACD2293693E4001C07CC /* SplashViewController.swift in Sources */ = {isa = PBXBuildFile; fileRef = 94A3ACD1293693E4001C07CC /* SplashViewController.swift */; };
		94A940C1294E3C0100BEEF75 /* Kingfisher in Frameworks */ = {isa = PBXBuildFile; productRef = 94A940C0294E3C0100BEEF75 /* Kingfisher */; };
		94A940C4294F824E00BEEF75 /* SwiftKeychainWrapper in Frameworks */ = {isa = PBXBuildFile; productRef = 94A940C3294F824E00BEEF75 /* SwiftKeychainWrapper */; };
		94A940C6294F896F00BEEF75 /* KeychainEvents.swift in Sources */ = {isa = PBXBuildFile; fileRef = 94A940C5294F896F00BEEF75 /* KeychainEvents.swift */; };
		94DAF90B2943829000E3BAE4 /* ProfileService.swift in Sources */ = {isa = PBXBuildFile; fileRef = 94DAF90A2943829000E3BAE4 /* ProfileService.swift */; };
		94DFBEAE293735BD00A4CDFB /* TabBarController.swift in Sources */ = {isa = PBXBuildFile; fileRef = 94DFBEAD293735BD00A4CDFB /* TabBarController.swift */; };
/* End PBXBuildFile section */

/* Begin PBXFileReference section */
		8402EBBB28F0080500CE0BC0 /* YS Display-Bold.ttf */ = {isa = PBXFileReference; lastKnownFileType = file; path = "YS Display-Bold.ttf"; sourceTree = "<group>"; };
		8402EBBC28F0080500CE0BC0 /* YS Display-Medium.ttf */ = {isa = PBXFileReference; lastKnownFileType = file; path = "YS Display-Medium.ttf"; sourceTree = "<group>"; };
		84282DB7291CE79D008DD478 /* ProfileViewController.swift */ = {isa = PBXFileReference; fileEncoding = 4; lastKnownFileType = sourcecode.swift; name = ProfileViewController.swift; path = Profile/ProfileViewController.swift; sourceTree = SOURCE_ROOT; };
		84282DB9291CE974008DD478 /* ImagesListCell.swift */ = {isa = PBXFileReference; fileEncoding = 4; lastKnownFileType = sourcecode.swift; name = ImagesListCell.swift; path = ImagesList/ImagesListCell.swift; sourceTree = SOURCE_ROOT; };
		84282DBA291CE974008DD478 /* ImagesListViewController.swift */ = {isa = PBXFileReference; fileEncoding = 4; lastKnownFileType = sourcecode.swift; name = ImagesListViewController.swift; path = ImagesList/ImagesListViewController.swift; sourceTree = SOURCE_ROOT; };
		842AC21128FDB22A004E9063 /* SingleImageViewController.swift */ = {isa = PBXFileReference; lastKnownFileType = sourcecode.swift; path = SingleImageViewController.swift; sourceTree = "<group>"; };
		84507BA2291ED15200B32C43 /* Constants.swift */ = {isa = PBXFileReference; fileEncoding = 4; lastKnownFileType = sourcecode.swift; path = Constants.swift; sourceTree = "<group>"; };
		84507BA5291EDE9400B32C43 /* AuthViewController.swift */ = {isa = PBXFileReference; lastKnownFileType = sourcecode.swift; path = AuthViewController.swift; sourceTree = "<group>"; };
		84507BA7291EDF8800B32C43 /* WebViewViewController.swift */ = {isa = PBXFileReference; lastKnownFileType = sourcecode.swift; path = WebViewViewController.swift; sourceTree = "<group>"; };
		847822C1291CD5D1006099A2 /* Base */ = {isa = PBXFileReference; lastKnownFileType = file.storyboard; name = Base; path = Base.lproj/Main.storyboard; sourceTree = SOURCE_ROOT; };
		84C14EC428E4CBF60065488E /* ImageFeed.app */ = {isa = PBXFileReference; explicitFileType = wrapper.application; includeInIndex = 0; path = ImageFeed.app; sourceTree = BUILT_PRODUCTS_DIR; };
		84C14EC728E4CBF60065488E /* AppDelegate.swift */ = {isa = PBXFileReference; lastKnownFileType = sourcecode.swift; path = AppDelegate.swift; sourceTree = "<group>"; };
		84C14EC928E4CBF60065488E /* SceneDelegate.swift */ = {isa = PBXFileReference; lastKnownFileType = sourcecode.swift; path = SceneDelegate.swift; sourceTree = "<group>"; };
		84C14ED028E4CC040065488E /* Assets.xcassets */ = {isa = PBXFileReference; lastKnownFileType = folder.assetcatalog; path = Assets.xcassets; sourceTree = "<group>"; };
		84C14ED328E4CC040065488E /* Base */ = {isa = PBXFileReference; lastKnownFileType = file.storyboard; name = Base; path = Base.lproj/LaunchScreen.storyboard; sourceTree = "<group>"; };
		84C14ED528E4CC040065488E /* Info.plist */ = {isa = PBXFileReference; lastKnownFileType = text.plist.xml; path = Info.plist; sourceTree = "<group>"; };
		84DC75592923CE25007F4C2B /* WebViewViewControllerProtocol.swift */ = {isa = PBXFileReference; lastKnownFileType = sourcecode.swift; path = WebViewViewControllerProtocol.swift; sourceTree = "<group>"; };
		941429CE29464848002DBDFA /* DataStorage.swift */ = {isa = PBXFileReference; lastKnownFileType = sourcecode.swift; path = DataStorage.swift; sourceTree = "<group>"; };
		941429D2294A09A5002DBDFA /* ProfileImageService.swift */ = {isa = PBXFileReference; lastKnownFileType = sourcecode.swift; path = ProfileImageService.swift; sourceTree = "<group>"; };
		941429D4294A49AA002DBDFA /* SplashViewControllerProtocol.swift */ = {isa = PBXFileReference; lastKnownFileType = sourcecode.swift; path = SplashViewControllerProtocol.swift; sourceTree = "<group>"; };
		941785392931CDC7004587DF /* Structs.swift */ = {isa = PBXFileReference; lastKnownFileType = sourcecode.swift; path = Structs.swift; sourceTree = "<group>"; };
		9417853B2931CF66004587DF /* OAuth2Service.swift */ = {isa = PBXFileReference; lastKnownFileType = sourcecode.swift; path = OAuth2Service.swift; sourceTree = "<group>"; };
		9417853E2931D15B004587DF /* NetworkClient.swift */ = {isa = PBXFileReference; lastKnownFileType = sourcecode.swift; path = NetworkClient.swift; sourceTree = "<group>"; };
		94178540293655AB004587DF /* OAuth2TokenStorage.swift */ = {isa = PBXFileReference; lastKnownFileType = sourcecode.swift; path = OAuth2TokenStorage.swift; sourceTree = "<group>"; };
		945B4BB8293E0AEE008AC16B /* UIBlockingProgressHUD.swift */ = {isa = PBXFileReference; lastKnownFileType = sourcecode.swift; path = UIBlockingProgressHUD.swift; sourceTree = "<group>"; };
		948EDF9F294D9D6200AB808D /* RequestFactoryProtocol.swift */ = {isa = PBXFileReference; lastKnownFileType = sourcecode.swift; path = RequestFactoryProtocol.swift; sourceTree = "<group>"; };
		948EDFA1294D9E1400AB808D /* RequestFactory.swift */ = {isa = PBXFileReference; lastKnownFileType = sourcecode.swift; path = RequestFactory.swift; sourceTree = "<group>"; };
		948EDFA3294DE74F00AB808D /* AlertService.swift */ = {isa = PBXFileReference; lastKnownFileType = sourcecode.swift; path = AlertService.swift; sourceTree = "<group>"; };
		94A3ACD1293693E4001C07CC /* SplashViewController.swift */ = {isa = PBXFileReference; lastKnownFileType = sourcecode.swift; path = SplashViewController.swift; sourceTree = "<group>"; };
		94A940C5294F896F00BEEF75 /* KeychainEvents.swift */ = {isa = PBXFileReference; lastKnownFileType = sourcecode.swift; path = KeychainEvents.swift; sourceTree = "<group>"; };
		94DAF90A2943829000E3BAE4 /* ProfileService.swift */ = {isa = PBXFileReference; lastKnownFileType = sourcecode.swift; path = ProfileService.swift; sourceTree = "<group>"; };
		94DFBEAD293735BD00A4CDFB /* TabBarController.swift */ = {isa = PBXFileReference; lastKnownFileType = sourcecode.swift; path = TabBarController.swift; sourceTree = "<group>"; };
/* End PBXFileReference section */

/* Begin PBXFrameworksBuildPhase section */
		84C14EC128E4CBF60065488E /* Frameworks */ = {
			isa = PBXFrameworksBuildPhase;
			buildActionMask = 2147483647;
			files = (
				94A940C1294E3C0100BEEF75 /* Kingfisher in Frameworks */,
				945B4BB7293B8F7E008AC16B /* ProgressHUD in Frameworks */,
				94A940C4294F824E00BEEF75 /* SwiftKeychainWrapper in Frameworks */,
			);
			runOnlyForDeploymentPostprocessing = 0;
		};
/* End PBXFrameworksBuildPhase section */

/* Begin PBXGroup section */
		8402EBB628F0076100CE0BC0 /* Resources */ = {
			isa = PBXGroup;
			children = (
				8402EBBB28F0080500CE0BC0 /* YS Display-Bold.ttf */,
				8402EBBC28F0080500CE0BC0 /* YS Display-Medium.ttf */,
				84C14ED028E4CC040065488E /* Assets.xcassets */,
				84C14ED528E4CC040065488E /* Info.plist */,
				84C14ED228E4CC040065488E /* LaunchScreen.storyboard */,
			);
			path = Resources;
			sourceTree = "<group>";
		};
		84507BA1291ED10B00B32C43 /* Unsplash */ = {
			isa = PBXGroup;
			children = (
				84507BA2291ED15200B32C43 /* Constants.swift */,
				941785392931CDC7004587DF /* Structs.swift */,
			);
			path = Unsplash;
			sourceTree = "<group>";
		};
		84507BA4291EDE7D00B32C43 /* Auth */ = {
			isa = PBXGroup;
			children = (
				84507BA5291EDE9400B32C43 /* AuthViewController.swift */,
				84507BA7291EDF8800B32C43 /* WebViewViewController.swift */,
				84DC75592923CE25007F4C2B /* WebViewViewControllerProtocol.swift */,
				9417853B2931CF66004587DF /* OAuth2Service.swift */,
				94178540293655AB004587DF /* OAuth2TokenStorage.swift */,
				941429D4294A49AA002DBDFA /* SplashViewControllerProtocol.swift */,
			);
			path = Auth;
			sourceTree = "<group>";
		};
		84C14EBB28E4CBF60065488E = {
			isa = PBXGroup;
			children = (
				84C14EC628E4CBF60065488E /* ImageFeed */,
				84C14EC528E4CBF60065488E /* Products */,
			);
			sourceTree = "<group>";
		};
		84C14EC528E4CBF60065488E /* Products */ = {
			isa = PBXGroup;
			children = (
				84C14EC428E4CBF60065488E /* ImageFeed.app */,
			);
			name = Products;
			sourceTree = "<group>";
		};
		84C14EC628E4CBF60065488E /* ImageFeed */ = {
			isa = PBXGroup;
			children = (
				9417853D2931D143004587DF /* Services */,
				84507BA4291EDE7D00B32C43 /* Auth */,
				84507BA1291ED10B00B32C43 /* Unsplash */,
				84282DB9291CE974008DD478 /* ImagesListCell.swift */,
				84282DBA291CE974008DD478 /* ImagesListViewController.swift */,
				84282DB7291CE79D008DD478 /* ProfileViewController.swift */,
				847822C0291CD5D1006099A2 /* Main.storyboard */,
				8402EBB628F0076100CE0BC0 /* Resources */,
				842AC21128FDB22A004E9063 /* SingleImageViewController.swift */,
				84C14EC928E4CBF60065488E /* SceneDelegate.swift */,
				84C14EC728E4CBF60065488E /* AppDelegate.swift */,
				94A3ACD1293693E4001C07CC /* SplashViewController.swift */,
				94DFBEAD293735BD00A4CDFB /* TabBarController.swift */,
			);
			path = ImageFeed;
			sourceTree = "<group>";
		};
		9417853D2931D143004587DF /* Services */ = {
			isa = PBXGroup;
			children = (
				9417853E2931D15B004587DF /* NetworkClient.swift */,
				945B4BB8293E0AEE008AC16B /* UIBlockingProgressHUD.swift */,
				94DAF90A2943829000E3BAE4 /* ProfileService.swift */,
				941429CE29464848002DBDFA /* DataStorage.swift */,
				941429D2294A09A5002DBDFA /* ProfileImageService.swift */,
				948EDF9F294D9D6200AB808D /* RequestFactoryProtocol.swift */,
				948EDFA1294D9E1400AB808D /* RequestFactory.swift */,
				948EDFA3294DE74F00AB808D /* AlertService.swift */,
				94A940C5294F896F00BEEF75 /* KeychainEvents.swift */,
			);
			path = Services;
			sourceTree = "<group>";
		};
/* End PBXGroup section */

/* Begin PBXNativeTarget section */
		84C14EC328E4CBF60065488E /* ImageFeed */ = {
			isa = PBXNativeTarget;
			buildConfigurationList = 84C14ED828E4CC040065488E /* Build configuration list for PBXNativeTarget "ImageFeed" */;
			buildPhases = (
				84C14EC028E4CBF60065488E /* Sources */,
				84C14EC128E4CBF60065488E /* Frameworks */,
				84C14EC228E4CBF60065488E /* Resources */,
			);
			buildRules = (
			);
			dependencies = (
			);
			name = ImageFeed;
			packageProductDependencies = (
				945B4BB6293B8F7E008AC16B /* ProgressHUD */,
				94A940C0294E3C0100BEEF75 /* Kingfisher */,
				94A940C3294F824E00BEEF75 /* SwiftKeychainWrapper */,
			);
			productName = ImageFeed;
			productReference = 84C14EC428E4CBF60065488E /* ImageFeed.app */;
			productType = "com.apple.product-type.application";
		};
/* End PBXNativeTarget section */

/* Begin PBXProject section */
		84C14EBC28E4CBF60065488E /* Project object */ = {
			isa = PBXProject;
			attributes = {
				BuildIndependentTargetsInParallel = 1;
				LastSwiftUpdateCheck = 1400;
				LastUpgradeCheck = 1400;
				TargetAttributes = {
					84C14EC328E4CBF60065488E = {
						CreatedOnToolsVersion = 14.0;
					};
				};
			};
			buildConfigurationList = 84C14EBF28E4CBF60065488E /* Build configuration list for PBXProject "ImageFeed" */;
			compatibilityVersion = "Xcode 14.0";
			developmentRegion = en;
			hasScannedForEncodings = 0;
			knownRegions = (
				en,
				Base,
			);
			mainGroup = 84C14EBB28E4CBF60065488E;
			packageReferences = (
				945B4BB5293B8F7E008AC16B /* XCRemoteSwiftPackageReference "ProgressHUD" */,
				94A940BF294E3C0100BEEF75 /* XCRemoteSwiftPackageReference "Kingfisher" */,
				94A940C2294F824E00BEEF75 /* XCRemoteSwiftPackageReference "SwiftKeychainWrapper" */,
			);
			productRefGroup = 84C14EC528E4CBF60065488E /* Products */;
			projectDirPath = "";
			projectRoot = "";
			targets = (
				84C14EC328E4CBF60065488E /* ImageFeed */,
			);
		};
/* End PBXProject section */

/* Begin PBXResourcesBuildPhase section */
		84C14EC228E4CBF60065488E /* Resources */ = {
			isa = PBXResourcesBuildPhase;
			buildActionMask = 2147483647;
			files = (
				84C14ED428E4CC040065488E /* LaunchScreen.storyboard in Resources */,
				847822C2291CD5D1006099A2 /* Main.storyboard in Resources */,
				84641592291EE7F300C0262C /* YS Display-Bold.ttf in Resources */,
				84C14ED128E4CC040065488E /* Assets.xcassets in Resources */,
				8402EBBE28F0080500CE0BC0 /* YS Display-Medium.ttf in Resources */,
			);
			runOnlyForDeploymentPostprocessing = 0;
		};
/* End PBXResourcesBuildPhase section */

/* Begin PBXSourcesBuildPhase section */
		84C14EC028E4CBF60065488E /* Sources */ = {
			isa = PBXSourcesBuildPhase;
			buildActionMask = 2147483647;
			files = (
				84282DBC291CE974008DD478 /* ImagesListViewController.swift in Sources */,
				94DFBEAE293735BD00A4CDFB /* TabBarController.swift in Sources */,
				84DC755A2923CE25007F4C2B /* WebViewViewControllerProtocol.swift in Sources */,
				9417853C2931CF66004587DF /* OAuth2Service.swift in Sources */,
				84C14EC828E4CBF60065488E /* AppDelegate.swift in Sources */,
				9417853A2931CDC7004587DF /* Structs.swift in Sources */,
				842AC21228FDB22A004E9063 /* SingleImageViewController.swift in Sources */,
				94178541293655AB004587DF /* OAuth2TokenStorage.swift in Sources */,
				84282DBB291CE974008DD478 /* ImagesListCell.swift in Sources */,
				84507BA6291EDE9400B32C43 /* AuthViewController.swift in Sources */,
				94A3ACD2293693E4001C07CC /* SplashViewController.swift in Sources */,
				948EDFA2294D9E1400AB808D /* RequestFactory.swift in Sources */,
				94DAF90B2943829000E3BAE4 /* ProfileService.swift in Sources */,
				948EDFA0294D9D6200AB808D /* RequestFactoryProtocol.swift in Sources */,
				9417853F2931D15B004587DF /* NetworkClient.swift in Sources */,
				94A940C6294F896F00BEEF75 /* KeychainEvents.swift in Sources */,
				84507BA3291ED15200B32C43 /* Constants.swift in Sources */,
				84282DB8291CE79D008DD478 /* ProfileViewController.swift in Sources */,
				941429D5294A49AA002DBDFA /* SplashViewControllerProtocol.swift in Sources */,
				84507BA8291EDF8800B32C43 /* WebViewViewController.swift in Sources */,
				941429CF29464848002DBDFA /* DataStorage.swift in Sources */,
				941429D3294A09A5002DBDFA /* ProfileImageService.swift in Sources */,
				84C14ECA28E4CBF60065488E /* SceneDelegate.swift in Sources */,
				948EDFA4294DE74F00AB808D /* AlertService.swift in Sources */,
				945B4BB9293E0AEE008AC16B /* UIBlockingProgressHUD.swift in Sources */,
			);
			runOnlyForDeploymentPostprocessing = 0;
		};
/* End PBXSourcesBuildPhase section */

/* Begin PBXVariantGroup section */
		847822C0291CD5D1006099A2 /* Main.storyboard */ = {
			isa = PBXVariantGroup;
			children = (
				847822C1291CD5D1006099A2 /* Base */,
			);
			name = Main.storyboard;
			sourceTree = "<group>";
		};
		84C14ED228E4CC040065488E /* LaunchScreen.storyboard */ = {
			isa = PBXVariantGroup;
			children = (
				84C14ED328E4CC040065488E /* Base */,
			);
			name = LaunchScreen.storyboard;
			sourceTree = "<group>";
		};
/* End PBXVariantGroup section */

/* Begin XCBuildConfiguration section */
		84C14ED628E4CC040065488E /* Debug */ = {
			isa = XCBuildConfiguration;
			buildSettings = {
				ALWAYS_SEARCH_USER_PATHS = NO;
				CLANG_ANALYZER_NONNULL = YES;
				CLANG_ANALYZER_NUMBER_OBJECT_CONVERSION = YES_AGGRESSIVE;
				CLANG_CXX_LANGUAGE_STANDARD = "gnu++20";
				CLANG_ENABLE_MODULES = YES;
				CLANG_ENABLE_OBJC_ARC = YES;
				CLANG_ENABLE_OBJC_WEAK = YES;
				CLANG_WARN_BLOCK_CAPTURE_AUTORELEASING = YES;
				CLANG_WARN_BOOL_CONVERSION = YES;
				CLANG_WARN_COMMA = YES;
				CLANG_WARN_CONSTANT_CONVERSION = YES;
				CLANG_WARN_DEPRECATED_OBJC_IMPLEMENTATIONS = YES;
				CLANG_WARN_DIRECT_OBJC_ISA_USAGE = YES_ERROR;
				CLANG_WARN_DOCUMENTATION_COMMENTS = YES;
				CLANG_WARN_EMPTY_BODY = YES;
				CLANG_WARN_ENUM_CONVERSION = YES;
				CLANG_WARN_INFINITE_RECURSION = YES;
				CLANG_WARN_INT_CONVERSION = YES;
				CLANG_WARN_NON_LITERAL_NULL_CONVERSION = YES;
				CLANG_WARN_OBJC_IMPLICIT_RETAIN_SELF = YES;
				CLANG_WARN_OBJC_LITERAL_CONVERSION = YES;
				CLANG_WARN_OBJC_ROOT_CLASS = YES_ERROR;
				CLANG_WARN_QUOTED_INCLUDE_IN_FRAMEWORK_HEADER = YES;
				CLANG_WARN_RANGE_LOOP_ANALYSIS = YES;
				CLANG_WARN_STRICT_PROTOTYPES = YES;
				CLANG_WARN_SUSPICIOUS_MOVE = YES;
				CLANG_WARN_UNGUARDED_AVAILABILITY = YES_AGGRESSIVE;
				CLANG_WARN_UNREACHABLE_CODE = YES;
				CLANG_WARN__DUPLICATE_METHOD_MATCH = YES;
				COPY_PHASE_STRIP = NO;
				DEBUG_INFORMATION_FORMAT = dwarf;
				ENABLE_STRICT_OBJC_MSGSEND = YES;
				ENABLE_TESTABILITY = YES;
				GCC_C_LANGUAGE_STANDARD = gnu11;
				GCC_DYNAMIC_NO_PIC = NO;
				GCC_NO_COMMON_BLOCKS = YES;
				GCC_OPTIMIZATION_LEVEL = 0;
				GCC_PREPROCESSOR_DEFINITIONS = (
					"DEBUG=1",
					"$(inherited)",
				);
				GCC_WARN_64_TO_32_BIT_CONVERSION = YES;
				GCC_WARN_ABOUT_RETURN_TYPE = YES_ERROR;
				GCC_WARN_UNDECLARED_SELECTOR = YES;
				GCC_WARN_UNINITIALIZED_AUTOS = YES_AGGRESSIVE;
				GCC_WARN_UNUSED_FUNCTION = YES;
				GCC_WARN_UNUSED_VARIABLE = YES;
				IPHONEOS_DEPLOYMENT_TARGET = 13.0;
				MTL_ENABLE_DEBUG_INFO = INCLUDE_SOURCE;
				MTL_FAST_MATH = YES;
				ONLY_ACTIVE_ARCH = YES;
				SDKROOT = iphoneos;
				SWIFT_ACTIVE_COMPILATION_CONDITIONS = DEBUG;
				SWIFT_OPTIMIZATION_LEVEL = "-Onone";
			};
			name = Debug;
		};
		84C14ED728E4CC040065488E /* Release */ = {
			isa = XCBuildConfiguration;
			buildSettings = {
				ALWAYS_SEARCH_USER_PATHS = NO;
				CLANG_ANALYZER_NONNULL = YES;
				CLANG_ANALYZER_NUMBER_OBJECT_CONVERSION = YES_AGGRESSIVE;
				CLANG_CXX_LANGUAGE_STANDARD = "gnu++20";
				CLANG_ENABLE_MODULES = YES;
				CLANG_ENABLE_OBJC_ARC = YES;
				CLANG_ENABLE_OBJC_WEAK = YES;
				CLANG_WARN_BLOCK_CAPTURE_AUTORELEASING = YES;
				CLANG_WARN_BOOL_CONVERSION = YES;
				CLANG_WARN_COMMA = YES;
				CLANG_WARN_CONSTANT_CONVERSION = YES;
				CLANG_WARN_DEPRECATED_OBJC_IMPLEMENTATIONS = YES;
				CLANG_WARN_DIRECT_OBJC_ISA_USAGE = YES_ERROR;
				CLANG_WARN_DOCUMENTATION_COMMENTS = YES;
				CLANG_WARN_EMPTY_BODY = YES;
				CLANG_WARN_ENUM_CONVERSION = YES;
				CLANG_WARN_INFINITE_RECURSION = YES;
				CLANG_WARN_INT_CONVERSION = YES;
				CLANG_WARN_NON_LITERAL_NULL_CONVERSION = YES;
				CLANG_WARN_OBJC_IMPLICIT_RETAIN_SELF = YES;
				CLANG_WARN_OBJC_LITERAL_CONVERSION = YES;
				CLANG_WARN_OBJC_ROOT_CLASS = YES_ERROR;
				CLANG_WARN_QUOTED_INCLUDE_IN_FRAMEWORK_HEADER = YES;
				CLANG_WARN_RANGE_LOOP_ANALYSIS = YES;
				CLANG_WARN_STRICT_PROTOTYPES = YES;
				CLANG_WARN_SUSPICIOUS_MOVE = YES;
				CLANG_WARN_UNGUARDED_AVAILABILITY = YES_AGGRESSIVE;
				CLANG_WARN_UNREACHABLE_CODE = YES;
				CLANG_WARN__DUPLICATE_METHOD_MATCH = YES;
				COPY_PHASE_STRIP = NO;
				DEBUG_INFORMATION_FORMAT = "dwarf-with-dsym";
				ENABLE_NS_ASSERTIONS = NO;
				ENABLE_STRICT_OBJC_MSGSEND = YES;
				GCC_C_LANGUAGE_STANDARD = gnu11;
				GCC_NO_COMMON_BLOCKS = YES;
				GCC_WARN_64_TO_32_BIT_CONVERSION = YES;
				GCC_WARN_ABOUT_RETURN_TYPE = YES_ERROR;
				GCC_WARN_UNDECLARED_SELECTOR = YES;
				GCC_WARN_UNINITIALIZED_AUTOS = YES_AGGRESSIVE;
				GCC_WARN_UNUSED_FUNCTION = YES;
				GCC_WARN_UNUSED_VARIABLE = YES;
				IPHONEOS_DEPLOYMENT_TARGET = 13.0;
				MTL_ENABLE_DEBUG_INFO = NO;
				MTL_FAST_MATH = YES;
				SDKROOT = iphoneos;
				SWIFT_COMPILATION_MODE = wholemodule;
				SWIFT_OPTIMIZATION_LEVEL = "-O";
				VALIDATE_PRODUCT = YES;
			};
			name = Release;
		};
		84C14ED928E4CC040065488E /* Debug */ = {
			isa = XCBuildConfiguration;
			buildSettings = {
				ASSETCATALOG_COMPILER_APPICON_NAME = AppIcon;
				ASSETCATALOG_COMPILER_GLOBAL_ACCENT_COLOR_NAME = AccentColor;
				CODE_SIGN_STYLE = Automatic;
				CURRENT_PROJECT_VERSION = 1;
				DEVELOPMENT_TEAM = F8PJ83T7FB;
				GENERATE_INFOPLIST_FILE = YES;
				INFOPLIST_FILE = ImageFeed/Resources/Info.plist;
				INFOPLIST_KEY_UIApplicationSupportsIndirectInputEvents = YES;
				INFOPLIST_KEY_UILaunchStoryboardName = LaunchScreen.storyboard;
				INFOPLIST_KEY_UIMainStoryboardFile = Main;
				INFOPLIST_KEY_UISupportedInterfaceOrientations = UIInterfaceOrientationPortrait;
				IPHONEOS_DEPLOYMENT_TARGET = 13.0;
				LD_RUNPATH_SEARCH_PATHS = (
					"$(inherited)",
					"@executable_path/Frameworks",
				);
				MARKETING_VERSION = 1.0;
				PRODUCT_BUNDLE_IDENTIFIER = ru.mp3moto.ImageFeed;
				PRODUCT_NAME = "$(TARGET_NAME)";
				SUPPORTED_PLATFORMS = "iphoneos iphonesimulator";
				SUPPORTS_MACCATALYST = NO;
				SUPPORTS_MAC_DESIGNED_FOR_IPHONE_IPAD = NO;
				SWIFT_EMIT_LOC_STRINGS = YES;
				SWIFT_VERSION = 5.0;
				TARGETED_DEVICE_FAMILY = 1;
			};
			name = Debug;
		};
		84C14EDA28E4CC040065488E /* Release */ = {
			isa = XCBuildConfiguration;
			buildSettings = {
				ASSETCATALOG_COMPILER_APPICON_NAME = AppIcon;
				ASSETCATALOG_COMPILER_GLOBAL_ACCENT_COLOR_NAME = AccentColor;
				CODE_SIGN_STYLE = Automatic;
				CURRENT_PROJECT_VERSION = 1;
				DEVELOPMENT_TEAM = F8PJ83T7FB;
				GENERATE_INFOPLIST_FILE = YES;
				INFOPLIST_FILE = ImageFeed/Resources/Info.plist;
				INFOPLIST_KEY_UIApplicationSupportsIndirectInputEvents = YES;
				INFOPLIST_KEY_UILaunchStoryboardName = LaunchScreen.storyboard;
				INFOPLIST_KEY_UIMainStoryboardFile = Main;
				INFOPLIST_KEY_UISupportedInterfaceOrientations = UIInterfaceOrientationPortrait;
				IPHONEOS_DEPLOYMENT_TARGET = 13.0;
				LD_RUNPATH_SEARCH_PATHS = (
					"$(inherited)",
					"@executable_path/Frameworks",
				);
				MARKETING_VERSION = 1.0;
				PRODUCT_BUNDLE_IDENTIFIER = ru.mp3moto.ImageFeed;
				PRODUCT_NAME = "$(TARGET_NAME)";
				SUPPORTED_PLATFORMS = "iphoneos iphonesimulator";
				SUPPORTS_MACCATALYST = NO;
				SUPPORTS_MAC_DESIGNED_FOR_IPHONE_IPAD = NO;
				SWIFT_EMIT_LOC_STRINGS = YES;
				SWIFT_VERSION = 5.0;
				TARGETED_DEVICE_FAMILY = 1;
			};
			name = Release;
		};
/* End XCBuildConfiguration section */

/* Begin XCConfigurationList section */
		84C14EBF28E4CBF60065488E /* Build configuration list for PBXProject "ImageFeed" */ = {
			isa = XCConfigurationList;
			buildConfigurations = (
				84C14ED628E4CC040065488E /* Debug */,
				84C14ED728E4CC040065488E /* Release */,
			);
			defaultConfigurationIsVisible = 0;
			defaultConfigurationName = Release;
		};
		84C14ED828E4CC040065488E /* Build configuration list for PBXNativeTarget "ImageFeed" */ = {
			isa = XCConfigurationList;
			buildConfigurations = (
				84C14ED928E4CC040065488E /* Debug */,
				84C14EDA28E4CC040065488E /* Release */,
			);
			defaultConfigurationIsVisible = 0;
			defaultConfigurationName = Release;
		};
/* End XCConfigurationList section */

/* Begin XCRemoteSwiftPackageReference section */
		945B4BB5293B8F7E008AC16B /* XCRemoteSwiftPackageReference "ProgressHUD" */ = {
			isa = XCRemoteSwiftPackageReference;
			repositoryURL = "https://github.com/relatedcode/ProgressHUD";
			requirement = {
				kind = exactVersion;
				version = 13.6.1;
			};
		};
		94A940BF294E3C0100BEEF75 /* XCRemoteSwiftPackageReference "Kingfisher" */ = {
			isa = XCRemoteSwiftPackageReference;
			repositoryURL = "https://github.com/onevcat/Kingfisher";
			requirement = {
				kind = exactVersion;
				version = 7.4.1;
			};
		};
		94A940C2294F824E00BEEF75 /* XCRemoteSwiftPackageReference "SwiftKeychainWrapper" */ = {
			isa = XCRemoteSwiftPackageReference;
			repositoryURL = "https://github.com/jrendel/SwiftKeychainWrapper";
			requirement = {
				kind = exactVersion;
				version = 4.0.1;
			};
		};
/* End XCRemoteSwiftPackageReference section */

/* Begin XCSwiftPackageProductDependency section */
		945B4BB6293B8F7E008AC16B /* ProgressHUD */ = {
			isa = XCSwiftPackageProductDependency;
			package = 945B4BB5293B8F7E008AC16B /* XCRemoteSwiftPackageReference "ProgressHUD" */;
			productName = ProgressHUD;
		};
		94A940C0294E3C0100BEEF75 /* Kingfisher */ = {
			isa = XCSwiftPackageProductDependency;
			package = 94A940BF294E3C0100BEEF75 /* XCRemoteSwiftPackageReference "Kingfisher" */;
			productName = Kingfisher;
		};
		94A940C3294F824E00BEEF75 /* SwiftKeychainWrapper */ = {
			isa = XCSwiftPackageProductDependency;
			package = 94A940C2294F824E00BEEF75 /* XCRemoteSwiftPackageReference "SwiftKeychainWrapper" */;
			productName = SwiftKeychainWrapper;
		};
/* End XCSwiftPackageProductDependency section */
	};
	rootObject = 84C14EBC28E4CBF60065488E /* Project object */;
}
